{
  "meteor": {
    "git": "https://github.com/meteor/meteor.git",
    "branch": "master",
    "commit": "2e78d0d110443ac6fb9471e6be1c136f15f03fd2"
  },
  "dependencies": {
    "basePackages": {
      "blade": {},
      "meteor-foundation": {
        "git": "https://github.com/rubyblackbelt/meteor-foundation",
        "branch": "master"
      },
      "moment": {}
    },
    "packages": {
      "blade": {
        "git": "https://github.com/bminer/meteor-blade.git",
        "tag": "v3.2.6meteor2",
        "commit": "28a9f9bf121c3410ab70138ba39862468bfe836b"
      },
      "meteor-foundation": {
        "git": "https://github.com/rubyblackbelt/meteor-foundation",
        "branch": "master",
        "commit": "761d14fb95ee9e884d7ffe1b7bf7098c79426c6e"
      },
      "moment": {
        "git": "https://github.com/acreeger/meteor-moment.git",
        "tag": "v2.2.1",
        "commit": "9ee12e714afe56b189f53076447b7b54f3012065"
      }
    }
  }
}
