{
  "meteor": {
    "git": "https://github.com/meteor/meteor.git",
    "branch": "master",
    "commit": "9bb2b5447e845c4f483df5e9b42a2c1de5ab909b"
  },
  "dependencies": {
    "basePackages": {
      "blade": {},
      "meteor-foundation": {
        "git": "https://github.com/rubyblackbelt/meteor-foundation",
        "branch": "master"
      },
      "moment": {}
    },
    "packages": {
      "blade": {
        "git": "https://github.com/bminer/meteor-blade.git",
        "tag": "v3.2.6meteor1",
        "commit": "f0810fd031781c84a9b5a14fd84c5b9d060ab336"
      },
      "meteor-foundation": {
        "git": "https://github.com/rubyblackbelt/meteor-foundation",
        "branch": "master",
        "commit": "761d14fb95ee9e884d7ffe1b7bf7098c79426c6e"
      },
      "moment": {
        "git": "https://github.com/possibilities/meteor-moment.git",
        "tag": "v1.7.0",
        "commit": "c64b6ec0e714b9556f4b6643d430b868ba69d3d7"
      }
    }
  }
}
